# Runtime pins used for the local implementation checks (Python 3.12.14).
# Install with: python -m pip install -r requirements-local.lock -e .
# HTTP source clients are built in; Notebook tooling is installed separately.
pandas==2.2.3
numpy==2.3.5
pyarrow==23.0.1
python-dateutil==2.9.0.post0
pytz==2026.3.post1
tzdata==2026.3
six==1.17.0
